
Microsoft Visual Studio Solution File, Format Version 12.00
# Visual Studio Version 17
VisualStudioVersion = 17.3.32929.385
MinimumVisualStudioVersion = 10.0.40219.1
Project("{9A19103F-16F7-4668-BE54-9A1E7A4F7556}") = "Front-end", "Front-end\Front-end.csproj", "{FFFF9BA0-1CEE-4101-B681-6B9EC18BD811}"
EndProject
Project("{9A19103F-16F7-4668-BE54-9A1E7A4F7556}") = "Proto", "Proto\Proto.csproj", "{8128BA39-13D9-4FB5-8D87-1CBFCBB58F65}"
EndProject
Project("{9A19103F-16F7-4668-BE54-9A1E7A4F7556}") = "MainServer", "MainServer\MainServer.csproj", "{9B49705E-DF48-4241-B073-310DF21816BD}"
EndProject
Project("{FAE04EC0-301F-11D3-BF4B-00C04F79EFBC}") = "HistoryServer", "HistoryServer\HistoryServer.csproj", "{3954BDDF-F714-476E-A9F8-06414486F20C}"
EndProject
Global
	GlobalSection(SolutionConfigurationPlatforms) = preSolution
		Debug|Any CPU = Debug|Any CPU
		Release|Any CPU = Release|Any CPU
	EndGlobalSection
	GlobalSection(ProjectConfigurationPlatforms) = postSolution
		{FFFF9BA0-1CEE-4101-B681-6B9EC18BD811}.Debug|Any CPU.ActiveCfg = Debug|Any CPU
		{FFFF9BA0-1CEE-4101-B681-6B9EC18BD811}.Debug|Any CPU.Build.0 = Debug|Any CPU
		{FFFF9BA0-1CEE-4101-B681-6B9EC18BD811}.Release|Any CPU.ActiveCfg = Release|Any CPU
		{FFFF9BA0-1CEE-4101-B681-6B9EC18BD811}.Release|Any CPU.Build.0 = Release|Any CPU
		{8128BA39-13D9-4FB5-8D87-1CBFCBB58F65}.Debug|Any CPU.ActiveCfg = Debug|Any CPU
		{8128BA39-13D9-4FB5-8D87-1CBFCBB58F65}.Debug|Any CPU.Build.0 = Debug|Any CPU
		{8128BA39-13D9-4FB5-8D87-1CBFCBB58F65}.Release|Any CPU.ActiveCfg = Release|Any CPU
		{8128BA39-13D9-4FB5-8D87-1CBFCBB58F65}.Release|Any CPU.Build.0 = Release|Any CPU
		{9B49705E-DF48-4241-B073-310DF21816BD}.Debug|Any CPU.ActiveCfg = Debug|Any CPU
		{9B49705E-DF48-4241-B073-310DF21816BD}.Debug|Any CPU.Build.0 = Debug|Any CPU
		{9B49705E-DF48-4241-B073-310DF21816BD}.Release|Any CPU.ActiveCfg = Release|Any CPU
		{9B49705E-DF48-4241-B073-310DF21816BD}.Release|Any CPU.Build.0 = Release|Any CPU
		{3954BDDF-F714-476E-A9F8-06414486F20C}.Debug|Any CPU.ActiveCfg = Debug|Any CPU
		{3954BDDF-F714-476E-A9F8-06414486F20C}.Debug|Any CPU.Build.0 = Debug|Any CPU
		{3954BDDF-F714-476E-A9F8-06414486F20C}.Release|Any CPU.ActiveCfg = Release|Any CPU
		{3954BDDF-F714-476E-A9F8-06414486F20C}.Release|Any CPU.Build.0 = Release|Any CPU
	EndGlobalSection
	GlobalSection(SolutionProperties) = preSolution
		HideSolutionNode = FALSE
	EndGlobalSection
	GlobalSection(ExtensibilityGlobals) = postSolution
		SolutionGuid = {FDB7E6C9-4939-4B49-91A8-82DC54C8A625}
	EndGlobalSection
EndGlobal
